
Microsoft Visual Studio Solution File, Format Version 12.00
# Visual Studio 2012
Project("{FAE04EC0-301F-11D3-BF4B-00C04F79EFBC}") = "Commtools", "Commtools\Commtools.csproj", "{8B0C1A30-B54F-4748-919E-E31FED1DA94B}"
EndProject
Project("{FAE04EC0-301F-11D3-BF4B-00C04F79EFBC}") = "Commtools.UnitTestProject", "Commtools.UnitTestProject\Commtools.UnitTestProject.csproj", "{83D1D0C6-139D-4AB3-A381-51B986231251}"
EndProject
Project("{FAE04EC0-301F-11D3-BF4B-00C04F79EFBC}") = "Commtools.Test_Web", "Commtools.Test_Web\Commtools.Test_Web.csproj", "{5B66F98B-6C25-45D5-8D4D-316E5A7B0FC2}"
EndProject
Global
	GlobalSection(SolutionConfigurationPlatforms) = preSolution
		Debug|Any CPU = Debug|Any CPU
		Release|Any CPU = Release|Any CPU
	EndGlobalSection
	GlobalSection(ProjectConfigurationPlatforms) = postSolution
		{8B0C1A30-B54F-4748-919E-E31FED1DA94B}.Debug|Any CPU.ActiveCfg = Debug|Any CPU
		{8B0C1A30-B54F-4748-919E-E31FED1DA94B}.Debug|Any CPU.Build.0 = Debug|Any CPU
		{8B0C1A30-B54F-4748-919E-E31FED1DA94B}.Release|Any CPU.ActiveCfg = Release|Any CPU
		{8B0C1A30-B54F-4748-919E-E31FED1DA94B}.Release|Any CPU.Build.0 = Release|Any CPU
		{83D1D0C6-139D-4AB3-A381-51B986231251}.Debug|Any CPU.ActiveCfg = Debug|Any CPU
		{83D1D0C6-139D-4AB3-A381-51B986231251}.Debug|Any CPU.Build.0 = Debug|Any CPU
		{83D1D0C6-139D-4AB3-A381-51B986231251}.Release|Any CPU.ActiveCfg = Release|Any CPU
		{83D1D0C6-139D-4AB3-A381-51B986231251}.Release|Any CPU.Build.0 = Release|Any CPU
		{5B66F98B-6C25-45D5-8D4D-316E5A7B0FC2}.Debug|Any CPU.ActiveCfg = Debug|Any CPU
		{5B66F98B-6C25-45D5-8D4D-316E5A7B0FC2}.Debug|Any CPU.Build.0 = Debug|Any CPU
		{5B66F98B-6C25-45D5-8D4D-316E5A7B0FC2}.Release|Any CPU.ActiveCfg = Release|Any CPU
		{5B66F98B-6C25-45D5-8D4D-316E5A7B0FC2}.Release|Any CPU.Build.0 = Release|Any CPU
	EndGlobalSection
	GlobalSection(SolutionProperties) = preSolution
		HideSolutionNode = FALSE
	EndGlobalSection
EndGlobal
